
Microsoft Visual Studio Solution File, Format Version 12.00
# Visual Studio 15
Project("{FAE04EC0-301F-11D3-BF4B-00C04F79EFBC}") = "Bindings", "Bindings.csproj", "{3B1C8366-EB41-4401-A042-3C9DE45B2216}"
EndProject
Global
	GlobalSection(SolutionConfigurationPlatforms) = preSolution
		Debug|Any CPU = Debug|Any CPU
		Release|Any CPU = Release|Any CPU
	EndGlobalSection
	GlobalSection(ProjectConfigurationPlatforms) = postSolution
		{3B1C8366-EB41-4401-A042-3C9DE45B2216}.Debug|Any CPU.ActiveCfg = Debug|Any CPU
		{3B1C8366-EB41-4401-A042-3C9DE45B2216}.Debug|Any CPU.Build.0 = Debug|Any CPU
		{3B1C8366-EB41-4401-A042-3C9DE45B2216}.Release|Any CPU.ActiveCfg = Release|Any CPU
		{3B1C8366-EB41-4401-A042-3C9DE45B2216}.Release|Any CPU.Build.0 = Release|Any CPU
	EndGlobalSection
EndGlobal
